// !$*UTF8*$!
{
	archiveVersion = 1;
	classes = {
	};
	objectVersion = 46;
	objects = {

/* Begin PBXBuildFile section */
		8E05D4FB3AA911A60BDE6F4A /* Pods_SudokuAppUITests.framework in Frameworks */ = {isa = PBXBuildFile; fileRef = B763AFB4451334738C60F303 /* Pods_SudokuAppUITests.framework */; };
		B03F1E001FC31EE400F95BBA /* main.m in Sources */ = {isa = PBXBuildFile; fileRef = B03F1DFF1FC31EE400F95BBA /* main.m */; };
		B03F1E031FC31EE400F95BBA /* AppDelegate.m in Sources */ = {isa = PBXBuildFile; fileRef = B03F1E021FC31EE400F95BBA /* AppDelegate.m */; };
		B03F1E061FC31EE400F95BBA /* MainMenuViewController.m in Sources */ = {isa = PBXBuildFile; fileRef = B03F1E051FC31EE400F95BBA /* MainMenuViewController.m */; };
		B03F1E091FC31EE400F95BBA /* Main.storyboard in Resources */ = {isa = PBXBuildFile; fileRef = B03F1E071FC31EE400F95BBA /* Main.storyboard */; };
		B03F1E0B1FC31EE400F95BBA /* Assets.xcassets in Resources */ = {isa = PBXBuildFile; fileRef = B03F1E0A1FC31EE400F95BBA /* Assets.xcassets */; };
		B03F1E0E1FC31EE400F95BBA /* LaunchScreen.storyboard in Resources */ = {isa = PBXBuildFile; fileRef = B03F1E0C1FC31EE400F95BBA /* LaunchScreen.storyboard */; };
		B03F1E191FC31EE400F95BBA /* SudokuAppTests.m in Sources */ = {isa = PBXBuildFile; fileRef = B03F1E181FC31EE400F95BBA /* SudokuAppTests.m */; };
		B03F1E241FC31EE400F95BBA /* SudokuAppUITests.m in Sources */ = {isa = PBXBuildFile; fileRef = B03F1E231FC31EE400F95BBA /* SudokuAppUITests.m */; };
		B03F1E331FC31F1900F95BBA /* SudokuViewController.m in Sources */ = {isa = PBXBuildFile; fileRef = B03F1E321FC31F1900F95BBA /* SudokuViewController.m */; };
		B03F1E361FC31F4900F95BBA /* EndViewController.m in Sources */ = {isa = PBXBuildFile; fileRef = B03F1E351FC31F4900F95BBA /* EndViewController.m */; };
		B03F1E391FC31F7100F95BBA /* Sudoku.m in Sources */ = {isa = PBXBuildFile; fileRef = B03F1E381FC31F7100F95BBA /* Sudoku.m */; };
		C00E1F1AEB779C32A08FBE3B /* Pods_SudokuApp.framework in Frameworks */ = {isa = PBXBuildFile; fileRef = BCD3003F3EAC6782D21BBAC9 /* Pods_SudokuApp.framework */; };
		F5430B229EE3709520CDBD1D /* Pods_SudokuAppTests.framework in Frameworks */ = {isa = PBXBuildFile; fileRef = 182BA75ADADD4DD888CD4EB5 /* Pods_SudokuAppTests.framework */; };
/* End PBXBuildFile section */

/* Begin PBXContainerItemProxy section */
		B03F1E151FC31EE400F95BBA /* PBXContainerItemProxy */ = {
			isa = PBXContainerItemProxy;
			containerPortal = B03F1DF31FC31EE400F95BBA /* Project object */;
			proxyType = 1;
			remoteGlobalIDString = B03F1DFA1FC31EE400F95BBA;
			remoteInfo = SudokuApp;
		};
		B03F1E201FC31EE400F95BBA /* PBXContainerItemProxy */ = {
			isa = PBXContainerItemProxy;
			containerPortal = B03F1DF31FC31EE400F95BBA /* Project object */;
			proxyType = 1;
			remoteGlobalIDString = B03F1DFA1FC31EE400F95BBA;
			remoteInfo = SudokuApp;
		};
/* End PBXContainerItemProxy section */

/* Begin PBXFileReference section */
		021D678BA6AB5A8F3A9F98C7 /* Pods-SudokuApp.release.xcconfig */ = {isa = PBXFileReference; includeInIndex = 1; lastKnownFileType = text.xcconfig; name = "Pods-SudokuApp.release.xcconfig"; path = "Pods/Target Support Files/Pods-SudokuApp/Pods-SudokuApp.release.xcconfig"; sourceTree = "<group>"; };
		182BA75ADADD4DD888CD4EB5 /* Pods_SudokuAppTests.framework */ = {isa = PBXFileReference; explicitFileType = wrapper.framework; includeInIndex = 0; path = Pods_SudokuAppTests.framework; sourceTree = BUILT_PRODUCTS_DIR; };
		32A8C7952F37D87150252474 /* Pods-SudokuApp.debug.xcconfig */ = {isa = PBXFileReference; includeInIndex = 1; lastKnownFileType = text.xcconfig; name = "Pods-SudokuApp.debug.xcconfig"; path = "Pods/Target Support Files/Pods-SudokuApp/Pods-SudokuApp.debug.xcconfig"; sourceTree = "<group>"; };
		34787647DB141B8E09765946 /* Pods-SudokuAppUITests.release.xcconfig */ = {isa = PBXFileReference; includeInIndex = 1; lastKnownFileType = text.xcconfig; name = "Pods-SudokuAppUITests.release.xcconfig"; path = "Pods/Target Support Files/Pods-SudokuAppUITests/Pods-SudokuAppUITests.release.xcconfig"; sourceTree = "<group>"; };
		4F40C5047659A741F5C4BBF1 /* Pods-SudokuAppTests.release.xcconfig */ = {isa = PBXFileReference; includeInIndex = 1; lastKnownFileType = text.xcconfig; name = "Pods-SudokuAppTests.release.xcconfig"; path = "Pods/Target Support Files/Pods-SudokuAppTests/Pods-SudokuAppTests.release.xcconfig"; sourceTree = "<group>"; };
		A9ADDBB43A08D5A893C664D6 /* Pods-SudokuAppTests.debug.xcconfig */ = {isa = PBXFileReference; includeInIndex = 1; lastKnownFileType = text.xcconfig; name = "Pods-SudokuAppTests.debug.xcconfig"; path = "Pods/Target Support Files/Pods-SudokuAppTests/Pods-SudokuAppTests.debug.xcconfig"; sourceTree = "<group>"; };
		B03F1DFB1FC31EE400F95BBA /* SudokuApp.app */ = {isa = PBXFileReference; explicitFileType = wrapper.application; includeInIndex = 0; path = SudokuApp.app; sourceTree = BUILT_PRODUCTS_DIR; };
		B03F1DFF1FC31EE400F95BBA /* main.m */ = {isa = PBXFileReference; lastKnownFileType = sourcecode.c.objc; path = main.m; sourceTree = "<group>"; };
		B03F1E011FC31EE400F95BBA /* AppDelegate.h */ = {isa = PBXFileReference; lastKnownFileType = sourcecode.c.h; path = AppDelegate.h; sourceTree = "<group>"; };
		B03F1E021FC31EE400F95BBA /* AppDelegate.m */ = {isa = PBXFileReference; lastKnownFileType = sourcecode.c.objc; path = AppDelegate.m; sourceTree = "<group>"; };
		B03F1E041FC31EE400F95BBA /* MainMenuViewController.h */ = {isa = PBXFileReference; lastKnownFileType = sourcecode.c.h; path = MainMenuViewController.h; sourceTree = "<group>"; };
		B03F1E051FC31EE400F95BBA /* MainMenuViewController.m */ = {isa = PBXFileReference; lastKnownFileType = sourcecode.c.objc; path = MainMenuViewController.m; sourceTree = "<group>"; };
		B03F1E081FC31EE400F95BBA /* Base */ = {isa = PBXFileReference; lastKnownFileType = file.storyboard; name = Base; path = Base.lproj/Main.storyboard; sourceTree = "<group>"; };
		B03F1E0A1FC31EE400F95BBA /* Assets.xcassets */ = {isa = PBXFileReference; lastKnownFileType = folder.assetcatalog; path = Assets.xcassets; sourceTree = "<group>"; };
		B03F1E0D1FC31EE400F95BBA /* Base */ = {isa = PBXFileReference; lastKnownFileType = file.storyboard; name = Base; path = Base.lproj/LaunchScreen.storyboard; sourceTree = "<group>"; };
		B03F1E0F1FC31EE400F95BBA /* Info.plist */ = {isa = PBXFileReference; lastKnownFileType = text.plist.xml; path = Info.plist; sourceTree = "<group>"; };
		B03F1E141FC31EE400F95BBA /* SudokuAppTests.xctest */ = {isa = PBXFileReference; explicitFileType = wrapper.cfbundle; includeInIndex = 0; path = SudokuAppTests.xctest; sourceTree = BUILT_PRODUCTS_DIR; };
		B03F1E181FC31EE400F95BBA /* SudokuAppTests.m */ = {isa = PBXFileReference; lastKnownFileType = sourcecode.c.objc; path = SudokuAppTests.m; sourceTree = "<group>"; };
		B03F1E1A1FC31EE400F95BBA /* Info.plist */ = {isa = PBXFileReference; lastKnownFileType = text.plist.xml; path = Info.plist; sourceTree = "<group>"; };
		B03F1E1F1FC31EE400F95BBA /* SudokuAppUITests.xctest */ = {isa = PBXFileReference; explicitFileType = wrapper.cfbundle; includeInIndex = 0; path = SudokuAppUITests.xctest; sourceTree = BUILT_PRODUCTS_DIR; };
		B03F1E231FC31EE400F95BBA /* SudokuAppUITests.m */ = {isa = PBXFileReference; lastKnownFileType = sourcecode.c.objc; path = SudokuAppUITests.m; sourceTree = "<group>"; };
		B03F1E251FC31EE400F95BBA /* Info.plist */ = {isa = PBXFileReference; lastKnownFileType = text.plist.xml; path = Info.plist; sourceTree = "<group>"; };
		B03F1E311FC31F1900F95BBA /* SudokuViewController.h */ = {isa = PBXFileReference; fileEncoding = 4; lastKnownFileType = sourcecode.c.h; path = SudokuViewController.h; sourceTree = "<group>"; };
		B03F1E321FC31F1900F95BBA /* SudokuViewController.m */ = {isa = PBXFileReference; fileEncoding = 4; lastKnownFileType = sourcecode.c.objc; path = SudokuViewController.m; sourceTree = "<group>"; };
		B03F1E341FC31F4900F95BBA /* EndViewController.h */ = {isa = PBXFileReference; fileEncoding = 4; lastKnownFileType = sourcecode.c.h; path = EndViewController.h; sourceTree = "<group>"; };
		B03F1E351FC31F4900F95BBA /* EndViewController.m */ = {isa = PBXFileReference; fileEncoding = 4; lastKnownFileType = sourcecode.c.objc; path = EndViewController.m; sourceTree = "<group>"; };
		B03F1E371FC31F7100F95BBA /* Sudoku.h */ = {isa = PBXFileReference; fileEncoding = 4; lastKnownFileType = sourcecode.c.h; path = Sudoku.h; sourceTree = "<group>"; };
		B03F1E381FC31F7100F95BBA /* Sudoku.m */ = {isa = PBXFileReference; fileEncoding = 4; lastKnownFileType = sourcecode.c.objc; path = Sudoku.m; sourceTree = "<group>"; };
		B763AFB4451334738C60F303 /* Pods_SudokuAppUITests.framework */ = {isa = PBXFileReference; explicitFileType = wrapper.framework; includeInIndex = 0; path = Pods_SudokuAppUITests.framework; sourceTree = BUILT_PRODUCTS_DIR; };
		BCD3003F3EAC6782D21BBAC9 /* Pods_SudokuApp.framework */ = {isa = PBXFileReference; explicitFileType = wrapper.framework; includeInIndex = 0; path = Pods_SudokuApp.framework; sourceTree = BUILT_PRODUCTS_DIR; };
		CBCC41480BD45FE9401E5238 /* Pods-SudokuAppUITests.debug.xcconfig */ = {isa = PBXFileReference; includeInIndex = 1; lastKnownFileType = text.xcconfig; name = "Pods-SudokuAppUITests.debug.xcconfig"; path = "Pods/Target Support Files/Pods-SudokuAppUITests/Pods-SudokuAppUITests.debug.xcconfig"; sourceTree = "<group>"; };
/* End PBXFileReference section */

/* Begin PBXFrameworksBuildPhase section */
		B03F1DF81FC31EE400F95BBA /* Frameworks */ = {
			isa = PBXFrameworksBuildPhase;
			buildActionMask = 2147483647;
			files = (
				C00E1F1AEB779C32A08FBE3B /* Pods_SudokuApp.framework in Frameworks */,
			);
			runOnlyForDeploymentPostprocessing = 0;
		};
		B03F1E111FC31EE400F95BBA /* Frameworks */ = {
			isa = PBXFrameworksBuildPhase;
			buildActionMask = 2147483647;
			files = (
				F5430B229EE3709520CDBD1D /* Pods_SudokuAppTests.framework in Frameworks */,
			);
			runOnlyForDeploymentPostprocessing = 0;
		};
		B03F1E1C1FC31EE400F95BBA /* Frameworks */ = {
			isa = PBXFrameworksBuildPhase;
			buildActionMask = 2147483647;
			files = (
				8E05D4FB3AA911A60BDE6F4A /* Pods_SudokuAppUITests.framework in Frameworks */,
			);
			runOnlyForDeploymentPostprocessing = 0;
		};
/* End PBXFrameworksBuildPhase section */

/* Begin PBXGroup section */
		3AED44A708AE57439D05A236 /* Frameworks */ = {
			isa = PBXGroup;
			children = (
				BCD3003F3EAC6782D21BBAC9 /* Pods_SudokuApp.framework */,
				182BA75ADADD4DD888CD4EB5 /* Pods_SudokuAppTests.framework */,
				B763AFB4451334738C60F303 /* Pods_SudokuAppUITests.framework */,
			);
			name = Frameworks;
			sourceTree = "<group>";
		};
		5DDC0FAF812560502282F650 /* Pods */ = {
			isa = PBXGroup;
			children = (
				32A8C7952F37D87150252474 /* Pods-SudokuApp.debug.xcconfig */,
				021D678BA6AB5A8F3A9F98C7 /* Pods-SudokuApp.release.xcconfig */,
				A9ADDBB43A08D5A893C664D6 /* Pods-SudokuAppTests.debug.xcconfig */,
				4F40C5047659A741F5C4BBF1 /* Pods-SudokuAppTests.release.xcconfig */,
				CBCC41480BD45FE9401E5238 /* Pods-SudokuAppUITests.debug.xcconfig */,
				34787647DB141B8E09765946 /* Pods-SudokuAppUITests.release.xcconfig */,
			);
			name = Pods;
			sourceTree = "<group>";
		};
		B03F1DF21FC31EE400F95BBA = {
			isa = PBXGroup;
			children = (
				B03F1DFD1FC31EE400F95BBA /* SudokuApp */,
				B03F1E171FC31EE400F95BBA /* SudokuAppTests */,
				B03F1E221FC31EE400F95BBA /* SudokuAppUITests */,
				B03F1DFC1FC31EE400F95BBA /* Products */,
				5DDC0FAF812560502282F650 /* Pods */,
				3AED44A708AE57439D05A236 /* Frameworks */,
			);
			sourceTree = "<group>";
		};
		B03F1DFC1FC31EE400F95BBA /* Products */ = {
			isa = PBXGroup;
			children = (
				B03F1DFB1FC31EE400F95BBA /* SudokuApp.app */,
				B03F1E141FC31EE400F95BBA /* SudokuAppTests.xctest */,
				B03F1E1F1FC31EE400F95BBA /* SudokuAppUITests.xctest */,
			);
			name = Products;
			sourceTree = "<group>";
		};
		B03F1DFD1FC31EE400F95BBA /* SudokuApp */ = {
			isa = PBXGroup;
			children = (
				B03F1E011FC31EE400F95BBA /* AppDelegate.h */,
				B03F1E021FC31EE400F95BBA /* AppDelegate.m */,
				B03F1E041FC31EE400F95BBA /* MainMenuViewController.h */,
				B03F1E051FC31EE400F95BBA /* MainMenuViewController.m */,
				B03F1E311FC31F1900F95BBA /* SudokuViewController.h */,
				B03F1E321FC31F1900F95BBA /* SudokuViewController.m */,
				B03F1E341FC31F4900F95BBA /* EndViewController.h */,
				B03F1E351FC31F4900F95BBA /* EndViewController.m */,
				B03F1E371FC31F7100F95BBA /* Sudoku.h */,
				B03F1E381FC31F7100F95BBA /* Sudoku.m */,
				B03F1E071FC31EE400F95BBA /* Main.storyboard */,
				B03F1E0A1FC31EE400F95BBA /* Assets.xcassets */,
				B03F1E0C1FC31EE400F95BBA /* LaunchScreen.storyboard */,
				B03F1E0F1FC31EE400F95BBA /* Info.plist */,
				B03F1DFE1FC31EE400F95BBA /* Supporting Files */,
			);
			path = SudokuApp;
			sourceTree = "<group>";
		};
		B03F1DFE1FC31EE400F95BBA /* Supporting Files */ = {
			isa = PBXGroup;
			children = (
				B03F1DFF1FC31EE400F95BBA /* main.m */,
			);
			name = "Supporting Files";
			sourceTree = "<group>";
		};
		B03F1E171FC31EE400F95BBA /* SudokuAppTests */ = {
			isa = PBXGroup;
			children = (
				B03F1E181FC31EE400F95BBA /* SudokuAppTests.m */,
				B03F1E1A1FC31EE400F95BBA /* Info.plist */,
			);
			path = SudokuAppTests;
			sourceTree = "<group>";
		};
		B03F1E221FC31EE400F95BBA /* SudokuAppUITests */ = {
			isa = PBXGroup;
			children = (
				B03F1E231FC31EE400F95BBA /* SudokuAppUITests.m */,
				B03F1E251FC31EE400F95BBA /* Info.plist */,
			);
			path = SudokuAppUITests;
			sourceTree = "<group>";
		};
/* End PBXGroup section */

/* Begin PBXNativeTarget section */
		B03F1DFA1FC31EE400F95BBA /* SudokuApp */ = {
			isa = PBXNativeTarget;
			buildConfigurationList = B03F1E281FC31EE400F95BBA /* Build configuration list for PBXNativeTarget "SudokuApp" */;
			buildPhases = (
				B40DA8789C30AA66C04BE55A /* [CP] Check Pods Manifest.lock */,
				B03F1DF71FC31EE400F95BBA /* Sources */,
				B03F1DF81FC31EE400F95BBA /* Frameworks */,
				B03F1DF91FC31EE400F95BBA /* Resources */,
				740A059D3AE7E64C5F262187 /* [CP] Embed Pods Frameworks */,
				724D2A5E72AE6691C995E929 /* [CP] Copy Pods Resources */,
			);
			buildRules = (
			);
			dependencies = (
			);
			name = SudokuApp;
			productName = SudokuApp;
			productReference = B03F1DFB1FC31EE400F95BBA /* SudokuApp.app */;
			productType = "com.apple.product-type.application";
		};
		B03F1E131FC31EE400F95BBA /* SudokuAppTests */ = {
			isa = PBXNativeTarget;
			buildConfigurationList = B03F1E2B1FC31EE400F95BBA /* Build configuration list for PBXNativeTarget "SudokuAppTests" */;
			buildPhases = (
				15602735C2CF8F3EB7AAD675 /* [CP] Check Pods Manifest.lock */,
				B03F1E101FC31EE400F95BBA /* Sources */,
				B03F1E111FC31EE400F95BBA /* Frameworks */,
				B03F1E121FC31EE400F95BBA /* Resources */,
				B340C910562FCA8CC19BFDC1 /* [CP] Embed Pods Frameworks */,
				05290CEFD6A7076BB5B45DF5 /* [CP] Copy Pods Resources */,
			);
			buildRules = (
			);
			dependencies = (
				B03F1E161FC31EE400F95BBA /* PBXTargetDependency */,
			);
			name = SudokuAppTests;
			productName = SudokuAppTests;
			productReference = B03F1E141FC31EE400F95BBA /* SudokuAppTests.xctest */;
			productType = "com.apple.product-type.bundle.unit-test";
		};
		B03F1E1E1FC31EE400F95BBA /* SudokuAppUITests */ = {
			isa = PBXNativeTarget;
			buildConfigurationList = B03F1E2E1FC31EE400F95BBA /* Build configuration list for PBXNativeTarget "SudokuAppUITests" */;
			buildPhases = (
				DE702D030EA6288ED031B273 /* [CP] Check Pods Manifest.lock */,
				B03F1E1B1FC31EE400F95BBA /* Sources */,
				B03F1E1C1FC31EE400F95BBA /* Frameworks */,
				B03F1E1D1FC31EE400F95BBA /* Resources */,
				3B07D0D850C767B92979B29C /* [CP] Embed Pods Frameworks */,
				03691760CC2AAFEB82B9593B /* [CP] Copy Pods Resources */,
			);
			buildRules = (
			);
			dependencies = (
				B03F1E211FC31EE400F95BBA /* PBXTargetDependency */,
			);
			name = SudokuAppUITests;
			productName = SudokuAppUITests;
			productReference = B03F1E1F1FC31EE400F95BBA /* SudokuAppUITests.xctest */;
			productType = "com.apple.product-type.bundle.ui-testing";
		};
/* End PBXNativeTarget section */

/* Begin PBXProject section */
		B03F1DF31FC31EE400F95BBA /* Project object */ = {
			isa = PBXProject;
			attributes = {
				LastUpgradeCheck = 0800;
				ORGANIZATIONNAME = "Daniel Colligan [el16dc]";
				TargetAttributes = {
					B03F1DFA1FC31EE400F95BBA = {
						CreatedOnToolsVersion = 8.0;
						ProvisioningStyle = Automatic;
					};
					B03F1E131FC31EE400F95BBA = {
						CreatedOnToolsVersion = 8.0;
						ProvisioningStyle = Automatic;
						TestTargetID = B03F1DFA1FC31EE400F95BBA;
					};
					B03F1E1E1FC31EE400F95BBA = {
						CreatedOnToolsVersion = 8.0;
						ProvisioningStyle = Automatic;
						TestTargetID = B03F1DFA1FC31EE400F95BBA;
					};
				};
			};
			buildConfigurationList = B03F1DF61FC31EE400F95BBA /* Build configuration list for PBXProject "SudokuApp" */;
			compatibilityVersion = "Xcode 3.2";
			developmentRegion = English;
			hasScannedForEncodings = 0;
			knownRegions = (
				en,
				Base,
			);
			mainGroup = B03F1DF21FC31EE400F95BBA;
			productRefGroup = B03F1DFC1FC31EE400F95BBA /* Products */;
			projectDirPath = "";
			projectRoot = "";
			targets = (
				B03F1DFA1FC31EE400F95BBA /* SudokuApp */,
				B03F1E131FC31EE400F95BBA /* SudokuAppTests */,
				B03F1E1E1FC31EE400F95BBA /* SudokuAppUITests */,
			);
		};
/* End PBXProject section */

/* Begin PBXResourcesBuildPhase section */
		B03F1DF91FC31EE400F95BBA /* Resources */ = {
			isa = PBXResourcesBuildPhase;
			buildActionMask = 2147483647;
			files = (
				B03F1E0E1FC31EE400F95BBA /* LaunchScreen.storyboard in Resources */,
				B03F1E0B1FC31EE400F95BBA /* Assets.xcassets in Resources */,
				B03F1E091FC31EE400F95BBA /* Main.storyboard in Resources */,
			);
			runOnlyForDeploymentPostprocessing = 0;
		};
		B03F1E121FC31EE400F95BBA /* Resources */ = {
			isa = PBXResourcesBuildPhase;
			buildActionMask = 2147483647;
			files = (
			);
			runOnlyForDeploymentPostprocessing = 0;
		};
		B03F1E1D1FC31EE400F95BBA /* Resources */ = {
			isa = PBXResourcesBuildPhase;
			buildActionMask = 2147483647;
			files = (
			);
			runOnlyForDeploymentPostprocessing = 0;
		};
/* End PBXResourcesBuildPhase section */

/* Begin PBXShellScriptBuildPhase section */
		03691760CC2AAFEB82B9593B /* [CP] Copy Pods Resources */ = {
			isa = PBXShellScriptBuildPhase;
			buildActionMask = 2147483647;
			files = (
			);
			inputPaths = (
			);
			name = "[CP] Copy Pods Resources";
			outputPaths = (
			);
			runOnlyForDeploymentPostprocessing = 0;
			shellPath = /bin/sh;
			shellScript = "\"${SRCROOT}/Pods/Target Support Files/Pods-SudokuAppUITests/Pods-SudokuAppUITests-resources.sh\"\n";
			showEnvVarsInLog = 0;
		};
		05290CEFD6A7076BB5B45DF5 /* [CP] Copy Pods Resources */ = {
			isa = PBXShellScriptBuildPhase;
			buildActionMask = 2147483647;
			files = (
			);
			inputPaths = (
			);
			name = "[CP] Copy Pods Resources";
			outputPaths = (
			);
			runOnlyForDeploymentPostprocessing = 0;
			shellPath = /bin/sh;
			shellScript = "\"${SRCROOT}/Pods/Target Support Files/Pods-SudokuAppTests/Pods-SudokuAppTests-resources.sh\"\n";
			showEnvVarsInLog = 0;
		};
		15602735C2CF8F3EB7AAD675 /* [CP] Check Pods Manifest.lock */ = {
			isa = PBXShellScriptBuildPhase;
			buildActionMask = 2147483647;
			files = (
			);
			inputPaths = (
			);
			name = "[CP] Check Pods Manifest.lock";
			outputPaths = (
			);
			runOnlyForDeploymentPostprocessing = 0;
			shellPath = /bin/sh;
			shellScript = "diff \"${PODS_ROOT}/../Podfile.lock\" \"${PODS_ROOT}/Manifest.lock\" > /dev/null\nif [ $? != 0 ] ; then\n    # print error to STDERR\n    echo \"error: The sandbox is not in sync with the Podfile.lock. Run 'pod install' or update your CocoaPods installation.\" >&2\n    exit 1\nfi\n";
			showEnvVarsInLog = 0;
		};
		3B07D0D850C767B92979B29C /* [CP] Embed Pods Frameworks */ = {
			isa = PBXShellScriptBuildPhase;
			buildActionMask = 2147483647;
			files = (
			);
			inputPaths = (
			);
			name = "[CP] Embed Pods Frameworks";
			outputPaths = (
			);
			runOnlyForDeploymentPostprocessing = 0;
			shellPath = /bin/sh;
			shellScript = "\"${SRCROOT}/Pods/Target Support Files/Pods-SudokuAppUITests/Pods-SudokuAppUITests-frameworks.sh\"\n";
			showEnvVarsInLog = 0;
		};
		724D2A5E72AE6691C995E929 /* [CP] Copy Pods Resources */ = {
			isa = PBXShellScriptBuildPhase;
			buildActionMask = 2147483647;
			files = (
			);
			inputPaths = (
			);
			name = "[CP] Copy Pods Resources";
			outputPaths = (
			);
			runOnlyForDeploymentPostprocessing = 0;
			shellPath = /bin/sh;
			shellScript = "\"${SRCROOT}/Pods/Target Support Files/Pods-SudokuApp/Pods-SudokuApp-resources.sh\"\n";
			showEnvVarsInLog = 0;
		};
		740A059D3AE7E64C5F262187 /* [CP] Embed Pods Frameworks */ = {
			isa = PBXShellScriptBuildPhase;
			buildActionMask = 2147483647;
			files = (
			);
			inputPaths = (
			);
			name = "[CP] Embed Pods Frameworks";
			outputPaths = (
			);
			runOnlyForDeploymentPostprocessing = 0;
			shellPath = /bin/sh;
			shellScript = "\"${SRCROOT}/Pods/Target Support Files/Pods-SudokuApp/Pods-SudokuApp-frameworks.sh\"\n";
			showEnvVarsInLog = 0;
		};
		B340C910562FCA8CC19BFDC1 /* [CP] Embed Pods Frameworks */ = {
			isa = PBXShellScriptBuildPhase;
			buildActionMask = 2147483647;
			files = (
			);
			inputPaths = (
			);
			name = "[CP] Embed Pods Frameworks";
			outputPaths = (
			);
			runOnlyForDeploymentPostprocessing = 0;
			shellPath = /bin/sh;
			shellScript = "\"${SRCROOT}/Pods/Target Support Files/Pods-SudokuAppTests/Pods-SudokuAppTests-frameworks.sh\"\n";
			showEnvVarsInLog = 0;
		};
		B40DA8789C30AA66C04BE55A /* [CP] Check Pods Manifest.lock */ = {
			isa = PBXShellScriptBuildPhase;
			buildActionMask = 2147483647;
			files = (
			);
			inputPaths = (
			);
			name = "[CP] Check Pods Manifest.lock";
			outputPaths = (
			);
			runOnlyForDeploymentPostprocessing = 0;
			shellPath = /bin/sh;
			shellScript = "diff \"${PODS_ROOT}/../Podfile.lock\" \"${PODS_ROOT}/Manifest.lock\" > /dev/null\nif [ $? != 0 ] ; then\n    # print error to STDERR\n    echo \"error: The sandbox is not in sync with the Podfile.lock. Run 'pod install' or update your CocoaPods installation.\" >&2\n    exit 1\nfi\n";
			showEnvVarsInLog = 0;
		};
		DE702D030EA6288ED031B273 /* [CP] Check Pods Manifest.lock */ = {
			isa = PBXShellScriptBuildPhase;
			buildActionMask = 2147483647;
			files = (
			);
			inputPaths = (
			);
			name = "[CP] Check Pods Manifest.lock";
			outputPaths = (
			);
			runOnlyForDeploymentPostprocessing = 0;
			shellPath = /bin/sh;
			shellScript = "diff \"${PODS_ROOT}/../Podfile.lock\" \"${PODS_ROOT}/Manifest.lock\" > /dev/null\nif [ $? != 0 ] ; then\n    # print error to STDERR\n    echo \"error: The sandbox is not in sync with the Podfile.lock. Run 'pod install' or update your CocoaPods installation.\" >&2\n    exit 1\nfi\n";
			showEnvVarsInLog = 0;
		};
/* End PBXShellScriptBuildPhase section */

/* Begin PBXSourcesBuildPhase section */
		B03F1DF71FC31EE400F95BBA /* Sources */ = {
			isa = PBXSourcesBuildPhase;
			buildActionMask = 2147483647;
			files = (
				B03F1E061FC31EE400F95BBA /* MainMenuViewController.m in Sources */,
				B03F1E031FC31EE400F95BBA /* AppDelegate.m in Sources */,
				B03F1E361FC31F4900F95BBA /* EndViewController.m in Sources */,
				B03F1E001FC31EE400F95BBA /* main.m in Sources */,
				B03F1E391FC31F7100F95BBA /* Sudoku.m in Sources */,
				B03F1E331FC31F1900F95BBA /* SudokuViewController.m in Sources */,
			);
			runOnlyForDeploymentPostprocessing = 0;
		};
		B03F1E101FC31EE400F95BBA /* Sources */ = {
			isa = PBXSourcesBuildPhase;
			buildActionMask = 2147483647;
			files = (
				B03F1E191FC31EE400F95BBA /* SudokuAppTests.m in Sources */,
			);
			runOnlyForDeploymentPostprocessing = 0;
		};
		B03F1E1B1FC31EE400F95BBA /* Sources */ = {
			isa = PBXSourcesBuildPhase;
			buildActionMask = 2147483647;
			files = (
				B03F1E241FC31EE400F95BBA /* SudokuAppUITests.m in Sources */,
			);
			runOnlyForDeploymentPostprocessing = 0;
		};
/* End PBXSourcesBuildPhase section */

/* Begin PBXTargetDependency section */
		B03F1E161FC31EE400F95BBA /* PBXTargetDependency */ = {
			isa = PBXTargetDependency;
			target = B03F1DFA1FC31EE400F95BBA /* SudokuApp */;
			targetProxy = B03F1E151FC31EE400F95BBA /* PBXContainerItemProxy */;
		};
		B03F1E211FC31EE400F95BBA /* PBXTargetDependency */ = {
			isa = PBXTargetDependency;
			target = B03F1DFA1FC31EE400F95BBA /* SudokuApp */;
			targetProxy = B03F1E201FC31EE400F95BBA /* PBXContainerItemProxy */;
		};
/* End PBXTargetDependency section */

/* Begin PBXVariantGroup section */
		B03F1E071FC31EE400F95BBA /* Main.storyboard */ = {
			isa = PBXVariantGroup;
			children = (
				B03F1E081FC31EE400F95BBA /* Base */,
			);
			name = Main.storyboard;
			sourceTree = "<group>";
		};
		B03F1E0C1FC31EE400F95BBA /* LaunchScreen.storyboard */ = {
			isa = PBXVariantGroup;
			children = (
				B03F1E0D1FC31EE400F95BBA /* Base */,
			);
			name = LaunchScreen.storyboard;
			sourceTree = "<group>";
		};
/* End PBXVariantGroup section */

/* Begin XCBuildConfiguration section */
		B03F1E261FC31EE400F95BBA /* Debug */ = {
			isa = XCBuildConfiguration;
			buildSettings = {
				ALWAYS_SEARCH_USER_PATHS = NO;
				CLANG_ANALYZER_NONNULL = YES;
				CLANG_CXX_LANGUAGE_STANDARD = "gnu++0x";
				CLANG_CXX_LIBRARY = "libc++";
				CLANG_ENABLE_MODULES = YES;
				CLANG_ENABLE_OBJC_ARC = YES;
				CLANG_WARN_BOOL_CONVERSION = YES;
				CLANG_WARN_CONSTANT_CONVERSION = YES;
				CLANG_WARN_DIRECT_OBJC_ISA_USAGE = YES_ERROR;
				CLANG_WARN_DOCUMENTATION_COMMENTS = YES;
				CLANG_WARN_EMPTY_BODY = YES;
				CLANG_WARN_ENUM_CONVERSION = YES;
				CLANG_WARN_INFINITE_RECURSION = YES;
				CLANG_WARN_INT_CONVERSION = YES;
				CLANG_WARN_OBJC_ROOT_CLASS = YES_ERROR;
				CLANG_WARN_SUSPICIOUS_MOVES = YES;
				CLANG_WARN_UNREACHABLE_CODE = YES;
				CLANG_WARN__DUPLICATE_METHOD_MATCH = YES;
				"CODE_SIGN_IDENTITY[sdk=iphoneos*]" = "iPhone Developer";
				COPY_PHASE_STRIP = NO;
				DEBUG_INFORMATION_FORMAT = dwarf;
				ENABLE_STRICT_OBJC_MSGSEND = YES;
				ENABLE_TESTABILITY = YES;
				GCC_C_LANGUAGE_STANDARD = gnu99;
				GCC_DYNAMIC_NO_PIC = NO;
				GCC_NO_COMMON_BLOCKS = YES;
				GCC_OPTIMIZATION_LEVEL = 0;
				GCC_PREPROCESSOR_DEFINITIONS = (
					"DEBUG=1",
					"$(inherited)",
				);
				GCC_WARN_64_TO_32_BIT_CONVERSION = YES;
				GCC_WARN_ABOUT_RETURN_TYPE = YES_ERROR;
				GCC_WARN_UNDECLARED_SELECTOR = YES;
				GCC_WARN_UNINITIALIZED_AUTOS = YES_AGGRESSIVE;
				GCC_WARN_UNUSED_FUNCTION = YES;
				GCC_WARN_UNUSED_VARIABLE = YES;
				IPHONEOS_DEPLOYMENT_TARGET = 10.0;
				MTL_ENABLE_DEBUG_INFO = YES;
				ONLY_ACTIVE_ARCH = YES;
				SDKROOT = iphoneos;
				TARGETED_DEVICE_FAMILY = "1,2";
			};
			name = Debug;
		};
		B03F1E271FC31EE400F95BBA /* Release */ = {
			isa = XCBuildConfiguration;
			buildSettings = {
				ALWAYS_SEARCH_USER_PATHS = NO;
				CLANG_ANALYZER_NONNULL = YES;
				CLANG_CXX_LANGUAGE_STANDARD = "gnu++0x";
				CLANG_CXX_LIBRARY = "libc++";
				CLANG_ENABLE_MODULES = YES;
				CLANG_ENABLE_OBJC_ARC = YES;
				CLANG_WARN_BOOL_CONVERSION = YES;
				CLANG_WARN_CONSTANT_CONVERSION = YES;
				CLANG_WARN_DIRECT_OBJC_ISA_USAGE = YES_ERROR;
				CLANG_WARN_DOCUMENTATION_COMMENTS = YES;
				CLANG_WARN_EMPTY_BODY = YES;
				CLANG_WARN_ENUM_CONVERSION = YES;
				CLANG_WARN_INFINITE_RECURSION = YES;
				CLANG_WARN_INT_CONVERSION = YES;
				CLANG_WARN_OBJC_ROOT_CLASS = YES_ERROR;
				CLANG_WARN_SUSPICIOUS_MOVES = YES;
				CLANG_WARN_UNREACHABLE_CODE = YES;
				CLANG_WARN__DUPLICATE_METHOD_MATCH = YES;
				"CODE_SIGN_IDENTITY[sdk=iphoneos*]" = "iPhone Developer";
				COPY_PHASE_STRIP = NO;
				DEBUG_INFORMATION_FORMAT = "dwarf-with-dsym";
				ENABLE_NS_ASSERTIONS = NO;
				ENABLE_STRICT_OBJC_MSGSEND = YES;
				GCC_C_LANGUAGE_STANDARD = gnu99;
				GCC_NO_COMMON_BLOCKS = YES;
				GCC_WARN_64_TO_32_BIT_CONVERSION = YES;
				GCC_WARN_ABOUT_RETURN_TYPE = YES_ERROR;
				GCC_WARN_UNDECLARED_SELECTOR = YES;
				GCC_WARN_UNINITIALIZED_AUTOS = YES_AGGRESSIVE;
				GCC_WARN_UNUSED_FUNCTION = YES;
				GCC_WARN_UNUSED_VARIABLE = YES;
				IPHONEOS_DEPLOYMENT_TARGET = 10.0;
				MTL_ENABLE_DEBUG_INFO = NO;
				SDKROOT = iphoneos;
				TARGETED_DEVICE_FAMILY = "1,2";
				VALIDATE_PRODUCT = YES;
			};
			name = Release;
		};
		B03F1E291FC31EE400F95BBA /* Debug */ = {
			isa = XCBuildConfiguration;
			baseConfigurationReference = 32A8C7952F37D87150252474 /* Pods-SudokuApp.debug.xcconfig */;
			buildSettings = {
				ASSETCATALOG_COMPILER_APPICON_NAME = AppIcon;
				INFOPLIST_FILE = SudokuApp/Info.plist;
				LD_RUNPATH_SEARCH_PATHS = "$(inherited) @executable_path/Frameworks";
				PRODUCT_BUNDLE_IDENTIFIER = uk.ac.leeds.SudokuApp;
				PRODUCT_NAME = "$(TARGET_NAME)";
			};
			name = Debug;
		};
		B03F1E2A1FC31EE400F95BBA /* Release */ = {
			isa = XCBuildConfiguration;
			baseConfigurationReference = 021D678BA6AB5A8F3A9F98C7 /* Pods-SudokuApp.release.xcconfig */;
			buildSettings = {
				ASSETCATALOG_COMPILER_APPICON_NAME = AppIcon;
				INFOPLIST_FILE = SudokuApp/Info.plist;
				LD_RUNPATH_SEARCH_PATHS = "$(inherited) @executable_path/Frameworks";
				PRODUCT_BUNDLE_IDENTIFIER = uk.ac.leeds.SudokuApp;
				PRODUCT_NAME = "$(TARGET_NAME)";
			};
			name = Release;
		};
		B03F1E2C1FC31EE400F95BBA /* Debug */ = {
			isa = XCBuildConfiguration;
			baseConfigurationReference = A9ADDBB43A08D5A893C664D6 /* Pods-SudokuAppTests.debug.xcconfig */;
			buildSettings = {
				BUNDLE_LOADER = "$(TEST_HOST)";
				INFOPLIST_FILE = SudokuAppTests/Info.plist;
				LD_RUNPATH_SEARCH_PATHS = "$(inherited) @executable_path/Frameworks @loader_path/Frameworks";
				PRODUCT_BUNDLE_IDENTIFIER = uk.ac.leeds.SudokuAppTests;
				PRODUCT_NAME = "$(TARGET_NAME)";
				TEST_HOST = "$(BUILT_PRODUCTS_DIR)/SudokuApp.app/SudokuApp";
			};
			name = Debug;
		};
		B03F1E2D1FC31EE400F95BBA /* Release */ = {
			isa = XCBuildConfiguration;
			baseConfigurationReference = 4F40C5047659A741F5C4BBF1 /* Pods-SudokuAppTests.release.xcconfig */;
			buildSettings = {
				BUNDLE_LOADER = "$(TEST_HOST)";
				INFOPLIST_FILE = SudokuAppTests/Info.plist;
				LD_RUNPATH_SEARCH_PATHS = "$(inherited) @executable_path/Frameworks @loader_path/Frameworks";
				PRODUCT_BUNDLE_IDENTIFIER = uk.ac.leeds.SudokuAppTests;
				PRODUCT_NAME = "$(TARGET_NAME)";
				TEST_HOST = "$(BUILT_PRODUCTS_DIR)/SudokuApp.app/SudokuApp";
			};
			name = Release;
		};
		B03F1E2F1FC31EE400F95BBA /* Debug */ = {
			isa = XCBuildConfiguration;
			baseConfigurationReference = CBCC41480BD45FE9401E5238 /* Pods-SudokuAppUITests.debug.xcconfig */;
			buildSettings = {
				INFOPLIST_FILE = SudokuAppUITests/Info.plist;
				LD_RUNPATH_SEARCH_PATHS = "$(inherited) @executable_path/Frameworks @loader_path/Frameworks";
				PRODUCT_BUNDLE_IDENTIFIER = uk.ac.leeds.SudokuAppUITests;
				PRODUCT_NAME = "$(TARGET_NAME)";
				TEST_TARGET_NAME = SudokuApp;
			};
			name = Debug;
		};
		B03F1E301FC31EE400F95BBA /* Release */ = {
			isa = XCBuildConfiguration;
			baseConfigurationReference = 34787647DB141B8E09765946 /* Pods-SudokuAppUITests.release.xcconfig */;
			buildSettings = {
				INFOPLIST_FILE = SudokuAppUITests/Info.plist;
				LD_RUNPATH_SEARCH_PATHS = "$(inherited) @executable_path/Frameworks @loader_path/Frameworks";
				PRODUCT_BUNDLE_IDENTIFIER = uk.ac.leeds.SudokuAppUITests;
				PRODUCT_NAME = "$(TARGET_NAME)";
				TEST_TARGET_NAME = SudokuApp;
			};
			name = Release;
		};
/* End XCBuildConfiguration section */

/* Begin XCConfigurationList section */
		B03F1DF61FC31EE400F95BBA /* Build configuration list for PBXProject "SudokuApp" */ = {
			isa = XCConfigurationList;
			buildConfigurations = (
				B03F1E261FC31EE400F95BBA /* Debug */,
				B03F1E271FC31EE400F95BBA /* Release */,
			);
			defaultConfigurationIsVisible = 0;
			defaultConfigurationName = Release;
		};
		B03F1E281FC31EE400F95BBA /* Build configuration list for PBXNativeTarget "SudokuApp" */ = {
			isa = XCConfigurationList;
			buildConfigurations = (
				B03F1E291FC31EE400F95BBA /* Debug */,
				B03F1E2A1FC31EE400F95BBA /* Release */,
			);
			defaultConfigurationIsVisible = 0;
			defaultConfigurationName = Release;
		};
		B03F1E2B1FC31EE400F95BBA /* Build configuration list for PBXNativeTarget "SudokuAppTests" */ = {
			isa = XCConfigurationList;
			buildConfigurations = (
				B03F1E2C1FC31EE400F95BBA /* Debug */,
				B03F1E2D1FC31EE400F95BBA /* Release */,
			);
			defaultConfigurationIsVisible = 0;
			defaultConfigurationName = Release;
		};
		B03F1E2E1FC31EE400F95BBA /* Build configuration list for PBXNativeTarget "SudokuAppUITests" */ = {
			isa = XCConfigurationList;
			buildConfigurations = (
				B03F1E2F1FC31EE400F95BBA /* Debug */,
				B03F1E301FC31EE400F95BBA /* Release */,
			);
			defaultConfigurationIsVisible = 0;
			defaultConfigurationName = Release;
		};
/* End XCConfigurationList section */
	};
	rootObject = B03F1DF31FC31EE400F95BBA /* Project object */;
}
